// !$*UTF8*$!
{
	archiveVersion = 1;
	classes = {
	};
	objectVersion = 50;
	objects = {

/* Begin PBXBuildFile section */
		3AF5580121DD9FC000ABDA2F /* AppDelegate.swift in Sources */ = {isa = PBXBuildFile; fileRef = 3AF5580021DD9FC000ABDA2F /* AppDelegate.swift */; };
		3AF5580321DD9FC000ABDA2F /* ViewController.swift in Sources */ = {isa = PBXBuildFile; fileRef = 3AF5580221DD9FC000ABDA2F /* ViewController.swift */; };
		3AF5580621DD9FC000ABDA2F /* Main.storyboard in Resources */ = {isa = PBXBuildFile; fileRef = 3AF5580421DD9FC000ABDA2F /* Main.storyboard */; };
		3AF5580821DD9FC100ABDA2F /* Assets.xcassets in Resources */ = {isa = PBXBuildFile; fileRef = 3AF5580721DD9FC100ABDA2F /* Assets.xcassets */; };
		3AF5580B21DD9FC100ABDA2F /* LaunchScreen.storyboard in Resources */ = {isa = PBXBuildFile; fileRef = 3AF5580921DD9FC100ABDA2F /* LaunchScreen.storyboard */; };
		3AF5581621DD9FC100ABDA2F /* SZMentionsSwift_SampleTests.swift in Sources */ = {isa = PBXBuildFile; fileRef = 3AF5581521DD9FC100ABDA2F /* SZMentionsSwift_SampleTests.swift */; };
		3AF5582121DD9FC100ABDA2F /* SZMentionsSwift_SampleUITests.swift in Sources */ = {isa = PBXBuildFile; fileRef = 3AF5582021DD9FC100ABDA2F /* SZMentionsSwift_SampleUITests.swift */; };
		3AF5583021DD9FFE00ABDA2F /* LICENSE in Resources */ = {isa = PBXBuildFile; fileRef = 3AF5582E21DD9FFE00ABDA2F /* LICENSE */; };
		3AF5583121DD9FFE00ABDA2F /* README.md in Resources */ = {isa = PBXBuildFile; fileRef = 3AF5582F21DD9FFE00ABDA2F /* README.md */; };
/* End PBXBuildFile section */

/* Begin PBXContainerItemProxy section */
		3AF5581221DD9FC100ABDA2F /* PBXContainerItemProxy */ = {
			isa = PBXContainerItemProxy;
			containerPortal = 3AF557F521DD9FC000ABDA2F /* Project object */;
			proxyType = 1;
			remoteGlobalIDString = 3AF557FC21DD9FC000ABDA2F;
			remoteInfo = "SZMentionsSwift-Sample";
		};
		3AF5581D21DD9FC100ABDA2F /* PBXContainerItemProxy */ = {
			isa = PBXContainerItemProxy;
			containerPortal = 3AF557F521DD9FC000ABDA2F /* Project object */;
			proxyType = 1;
			remoteGlobalIDString = 3AF557FC21DD9FC000ABDA2F;
			remoteInfo = "SZMentionsSwift-Sample";
		};
/* End PBXContainerItemProxy section */

/* Begin PBXFileReference section */
		3AF557FD21DD9FC000ABDA2F /* SZMentionsSwift-Sample.app */ = {isa = PBXFileReference; explicitFileType = wrapper.application; includeInIndex = 0; path = "SZMentionsSwift-Sample.app"; sourceTree = BUILT_PRODUCTS_DIR; };
		3AF5580021DD9FC000ABDA2F /* AppDelegate.swift */ = {isa = PBXFileReference; lastKnownFileType = sourcecode.swift; path = AppDelegate.swift; sourceTree = "<group>"; };
		3AF5580221DD9FC000ABDA2F /* ViewController.swift */ = {isa = PBXFileReference; lastKnownFileType = sourcecode.swift; path = ViewController.swift; sourceTree = "<group>"; };
		3AF5580521DD9FC000ABDA2F /* Base */ = {isa = PBXFileReference; lastKnownFileType = file.storyboard; name = Base; path = Base.lproj/Main.storyboard; sourceTree = "<group>"; };
		3AF5580721DD9FC100ABDA2F /* Assets.xcassets */ = {isa = PBXFileReference; lastKnownFileType = folder.assetcatalog; path = Assets.xcassets; sourceTree = "<group>"; };
		3AF5580A21DD9FC100ABDA2F /* Base */ = {isa = PBXFileReference; lastKnownFileType = file.storyboard; name = Base; path = Base.lproj/LaunchScreen.storyboard; sourceTree = "<group>"; };
		3AF5580C21DD9FC100ABDA2F /* Info.plist */ = {isa = PBXFileReference; lastKnownFileType = text.plist.xml; path = Info.plist; sourceTree = "<group>"; };
		3AF5581121DD9FC100ABDA2F /* SZMentionsSwift-SampleTests.xctest */ = {isa = PBXFileReference; explicitFileType = wrapper.cfbundle; includeInIndex = 0; path = "SZMentionsSwift-SampleTests.xctest"; sourceTree = BUILT_PRODUCTS_DIR; };
		3AF5581521DD9FC100ABDA2F /* SZMentionsSwift_SampleTests.swift */ = {isa = PBXFileReference; lastKnownFileType = sourcecode.swift; path = SZMentionsSwift_SampleTests.swift; sourceTree = "<group>"; };
		3AF5581721DD9FC100ABDA2F /* Info.plist */ = {isa = PBXFileReference; lastKnownFileType = text.plist.xml; path = Info.plist; sourceTree = "<group>"; };
		3AF5581C21DD9FC100ABDA2F /* SZMentionsSwift-SampleUITests.xctest */ = {isa = PBXFileReference; explicitFileType = wrapper.cfbundle; includeInIndex = 0; path = "SZMentionsSwift-SampleUITests.xctest"; sourceTree = BUILT_PRODUCTS_DIR; };
		3AF5582021DD9FC100ABDA2F /* SZMentionsSwift_SampleUITests.swift */ = {isa = PBXFileReference; lastKnownFileType = sourcecode.swift; path = SZMentionsSwift_SampleUITests.swift; sourceTree = "<group>"; };
		3AF5582221DD9FC100ABDA2F /* Info.plist */ = {isa = PBXFileReference; lastKnownFileType = text.plist.xml; path = Info.plist; sourceTree = "<group>"; };
		3AF5582E21DD9FFE00ABDA2F /* LICENSE */ = {isa = PBXFileReference; fileEncoding = 4; lastKnownFileType = text; path = LICENSE; sourceTree = "<group>"; };
		3AF5582F21DD9FFE00ABDA2F /* README.md */ = {isa = PBXFileReference; fileEncoding = 4; lastKnownFileType = net.daringfireball.markdown; path = README.md; sourceTree = "<group>"; };
/* End PBXFileReference section */

/* Begin PBXFrameworksBuildPhase section */
		3AF557FA21DD9FC000ABDA2F /* Frameworks */ = {
			isa = PBXFrameworksBuildPhase;
			buildActionMask = 2147483647;
			files = (
			);
			runOnlyForDeploymentPostprocessing = 0;
		};
		3AF5580E21DD9FC100ABDA2F /* Frameworks */ = {
			isa = PBXFrameworksBuildPhase;
			buildActionMask = 2147483647;
			files = (
			);
			runOnlyForDeploymentPostprocessing = 0;
		};
		3AF5581921DD9FC100ABDA2F /* Frameworks */ = {
			isa = PBXFrameworksBuildPhase;
			buildActionMask = 2147483647;
			files = (
			);
			runOnlyForDeploymentPostprocessing = 0;
		};
/* End PBXFrameworksBuildPhase section */

/* Begin PBXGroup section */
		3AF557F421DD9FC000ABDA2F = {
			isa = PBXGroup;
			children = (
				3AF5582E21DD9FFE00ABDA2F /* LICENSE */,
				3AF5582F21DD9FFE00ABDA2F /* README.md */,
				3AF557FF21DD9FC000ABDA2F /* SZMentionsSwift-Sample */,
				3AF5581421DD9FC100ABDA2F /* SZMentionsSwift-SampleTests */,
				3AF5581F21DD9FC100ABDA2F /* SZMentionsSwift-SampleUITests */,
				3AF557FE21DD9FC000ABDA2F /* Products */,
			);
			sourceTree = "<group>";
		};
		3AF557FE21DD9FC000ABDA2F /* Products */ = {
			isa = PBXGroup;
			children = (
				3AF557FD21DD9FC000ABDA2F /* SZMentionsSwift-Sample.app */,
				3AF5581121DD9FC100ABDA2F /* SZMentionsSwift-SampleTests.xctest */,
				3AF5581C21DD9FC100ABDA2F /* SZMentionsSwift-SampleUITests.xctest */,
			);
			name = Products;
			sourceTree = "<group>";
		};
		3AF557FF21DD9FC000ABDA2F /* SZMentionsSwift-Sample */ = {
			isa = PBXGroup;
			children = (
				3AF5580021DD9FC000ABDA2F /* AppDelegate.swift */,
				3AF5580221DD9FC000ABDA2F /* ViewController.swift */,
				3AF5580421DD9FC000ABDA2F /* Main.storyboard */,
				3AF5580721DD9FC100ABDA2F /* Assets.xcassets */,
				3AF5580921DD9FC100ABDA2F /* LaunchScreen.storyboard */,
				3AF5580C21DD9FC100ABDA2F /* Info.plist */,
			);
			path = "SZMentionsSwift-Sample";
			sourceTree = "<group>";
		};
		3AF5581421DD9FC100ABDA2F /* SZMentionsSwift-SampleTests */ = {
			isa = PBXGroup;
			children = (
				3AF5581521DD9FC100ABDA2F /* SZMentionsSwift_SampleTests.swift */,
				3AF5581721DD9FC100ABDA2F /* Info.plist */,
			);
			path = "SZMentionsSwift-SampleTests";
			sourceTree = "<group>";
		};
		3AF5581F21DD9FC100ABDA2F /* SZMentionsSwift-SampleUITests */ = {
			isa = PBXGroup;
			children = (
				3AF5582021DD9FC100ABDA2F /* SZMentionsSwift_SampleUITests.swift */,
				3AF5582221DD9FC100ABDA2F /* Info.plist */,
			);
			path = "SZMentionsSwift-SampleUITests";
			sourceTree = "<group>";
		};
/* End PBXGroup section */

/* Begin PBXNativeTarget section */
		3AF557FC21DD9FC000ABDA2F /* SZMentionsSwift-Sample */ = {
			isa = PBXNativeTarget;
			buildConfigurationList = 3AF5582521DD9FC100ABDA2F /* Build configuration list for PBXNativeTarget "SZMentionsSwift-Sample" */;
			buildPhases = (
				3AF557F921DD9FC000ABDA2F /* Sources */,
				3AF557FA21DD9FC000ABDA2F /* Frameworks */,
				3AF557FB21DD9FC000ABDA2F /* Resources */,
			);
			buildRules = (
			);
			dependencies = (
			);
			name = "SZMentionsSwift-Sample";
			productName = "SZMentionsSwift-Sample";
			productReference = 3AF557FD21DD9FC000ABDA2F /* SZMentionsSwift-Sample.app */;
			productType = "com.apple.product-type.application";
		};
		3AF5581021DD9FC100ABDA2F /* SZMentionsSwift-SampleTests */ = {
			isa = PBXNativeTarget;
			buildConfigurationList = 3AF5582821DD9FC100ABDA2F /* Build configuration list for PBXNativeTarget "SZMentionsSwift-SampleTests" */;
			buildPhases = (
				3AF5580D21DD9FC100ABDA2F /* Sources */,
				3AF5580E21DD9FC100ABDA2F /* Frameworks */,
				3AF5580F21DD9FC100ABDA2F /* Resources */,
			);
			buildRules = (
			);
			dependencies = (
				3AF5581321DD9FC100ABDA2F /* PBXTargetDependency */,
			);
			name = "SZMentionsSwift-SampleTests";
			productName = "SZMentionsSwift-SampleTests";
			productReference = 3AF5581121DD9FC100ABDA2F /* SZMentionsSwift-SampleTests.xctest */;
			productType = "com.apple.product-type.bundle.unit-test";
		};
		3AF5581B21DD9FC100ABDA2F /* SZMentionsSwift-SampleUITests */ = {
			isa = PBXNativeTarget;
			buildConfigurationList = 3AF5582B21DD9FC100ABDA2F /* Build configuration list for PBXNativeTarget "SZMentionsSwift-SampleUITests" */;
			buildPhases = (
				3AF5581821DD9FC100ABDA2F /* Sources */,
				3AF5581921DD9FC100ABDA2F /* Frameworks */,
				3AF5581A21DD9FC100ABDA2F /* Resources */,
			);
			buildRules = (
			);
			dependencies = (
				3AF5581E21DD9FC100ABDA2F /* PBXTargetDependency */,
			);
			name = "SZMentionsSwift-SampleUITests";
			productName = "SZMentionsSwift-SampleUITests";
			productReference = 3AF5581C21DD9FC100ABDA2F /* SZMentionsSwift-SampleUITests.xctest */;
			productType = "com.apple.product-type.bundle.ui-testing";
		};
/* End PBXNativeTarget section */

/* Begin PBXProject section */
		3AF557F521DD9FC000ABDA2F /* Project object */ = {
			isa = PBXProject;
			attributes = {
				LastSwiftUpdateCheck = 1010;
				LastUpgradeCheck = 1010;
				ORGANIZATIONNAME = YH.Jang;
				TargetAttributes = {
					3AF557FC21DD9FC000ABDA2F = {
						CreatedOnToolsVersion = 10.1;
					};
					3AF5581021DD9FC100ABDA2F = {
						CreatedOnToolsVersion = 10.1;
						TestTargetID = 3AF557FC21DD9FC000ABDA2F;
					};
					3AF5581B21DD9FC100ABDA2F = {
						CreatedOnToolsVersion = 10.1;
						TestTargetID = 3AF557FC21DD9FC000ABDA2F;
					};
				};
			};
			buildConfigurationList = 3AF557F821DD9FC000ABDA2F /* Build configuration list for PBXProject "SZMentionsSwift-Sample" */;
			compatibilityVersion = "Xcode 9.3";
			developmentRegion = en;
			hasScannedForEncodings = 0;
			knownRegions = (
				en,
				Base,
			);
			mainGroup = 3AF557F421DD9FC000ABDA2F;
			productRefGroup = 3AF557FE21DD9FC000ABDA2F /* Products */;
			projectDirPath = "";
			projectRoot = "";
			targets = (
				3AF557FC21DD9FC000ABDA2F /* SZMentionsSwift-Sample */,
				3AF5581021DD9FC100ABDA2F /* SZMentionsSwift-SampleTests */,
				3AF5581B21DD9FC100ABDA2F /* SZMentionsSwift-SampleUITests */,
			);
		};
/* End PBXProject section */

/* Begin PBXResourcesBuildPhase section */
		3AF557FB21DD9FC000ABDA2F /* Resources */ = {
			isa = PBXResourcesBuildPhase;
			buildActionMask = 2147483647;
			files = (
				3AF5580B21DD9FC100ABDA2F /* LaunchScreen.storyboard in Resources */,
				3AF5580821DD9FC100ABDA2F /* Assets.xcassets in Resources */,
				3AF5583121DD9FFE00ABDA2F /* README.md in Resources */,
				3AF5583021DD9FFE00ABDA2F /* LICENSE in Resources */,
				3AF5580621DD9FC000ABDA2F /* Main.storyboard in Resources */,
			);
			runOnlyForDeploymentPostprocessing = 0;
		};
		3AF5580F21DD9FC100ABDA2F /* Resources */ = {
			isa = PBXResourcesBuildPhase;
			buildActionMask = 2147483647;
			files = (
			);
			runOnlyForDeploymentPostprocessing = 0;
		};
		3AF5581A21DD9FC100ABDA2F /* Resources */ = {
			isa = PBXResourcesBuildPhase;
			buildActionMask = 2147483647;
			files = (
			);
			runOnlyForDeploymentPostprocessing = 0;
		};
/* End PBXResourcesBuildPhase section */

/* Begin PBXSourcesBuildPhase section */
		3AF557F921DD9FC000ABDA2F /* Sources */ = {
			isa = PBXSourcesBuildPhase;
			buildActionMask = 2147483647;
			files = (
				3AF5580321DD9FC000ABDA2F /* ViewController.swift in Sources */,
				3AF5580121DD9FC000ABDA2F /* AppDelegate.swift in Sources */,
			);
			runOnlyForDeploymentPostprocessing = 0;
		};
		3AF5580D21DD9FC100ABDA2F /* Sources */ = {
			isa = PBXSourcesBuildPhase;
			buildActionMask = 2147483647;
			files = (
				3AF5581621DD9FC100ABDA2F /* SZMentionsSwift_SampleTests.swift in Sources */,
			);
			runOnlyForDeploymentPostprocessing = 0;
		};
		3AF5581821DD9FC100ABDA2F /* Sources */ = {
			isa = PBXSourcesBuildPhase;
			buildActionMask = 2147483647;
			files = (
				3AF5582121DD9FC100ABDA2F /* SZMentionsSwift_SampleUITests.swift in Sources */,
			);
			runOnlyForDeploymentPostprocessing = 0;
		};
/* End PBXSourcesBuildPhase section */

/* Begin PBXTargetDependency section */
		3AF5581321DD9FC100ABDA2F /* PBXTargetDependency */ = {
			isa = PBXTargetDependency;
			target = 3AF557FC21DD9FC000ABDA2F /* SZMentionsSwift-Sample */;
			targetProxy = 3AF5581221DD9FC100ABDA2F /* PBXContainerItemProxy */;
		};
		3AF5581E21DD9FC100ABDA2F /* PBXTargetDependency */ = {
			isa = PBXTargetDependency;
			target = 3AF557FC21DD9FC000ABDA2F /* SZMentionsSwift-Sample */;
			targetProxy = 3AF5581D21DD9FC100ABDA2F /* PBXContainerItemProxy */;
		};
/* End PBXTargetDependency section */

/* Begin PBXVariantGroup section */
		3AF5580421DD9FC000ABDA2F /* Main.storyboard */ = {
			isa = PBXVariantGroup;
			children = (
				3AF5580521DD9FC000ABDA2F /* Base */,
			);
			name = Main.storyboard;
			sourceTree = "<group>";
		};
		3AF5580921DD9FC100ABDA2F /* LaunchScreen.storyboard */ = {
			isa = PBXVariantGroup;
			children = (
				3AF5580A21DD9FC100ABDA2F /* Base */,
			);
			name = LaunchScreen.storyboard;
			sourceTree = "<group>";
		};
/* End PBXVariantGroup section */

/* Begin XCBuildConfiguration section */
		3AF5582321DD9FC100ABDA2F /* Debug */ = {
			isa = XCBuildConfiguration;
			buildSettings = {
				ALWAYS_SEARCH_USER_PATHS = NO;
				CLANG_ANALYZER_NONNULL = YES;
				CLANG_ANALYZER_NUMBER_OBJECT_CONVERSION = YES_AGGRESSIVE;
				CLANG_CXX_LANGUAGE_STANDARD = "gnu++14";
				CLANG_CXX_LIBRARY = "libc++";
				CLANG_ENABLE_MODULES = YES;
				CLANG_ENABLE_OBJC_ARC = YES;
				CLANG_ENABLE_OBJC_WEAK = YES;
				CLANG_WARN_BLOCK_CAPTURE_AUTORELEASING = YES;
				CLANG_WARN_BOOL_CONVERSION = YES;
				CLANG_WARN_COMMA = YES;
				CLANG_WARN_CONSTANT_CONVERSION = YES;
				CLANG_WARN_DEPRECATED_OBJC_IMPLEMENTATIONS = YES;
				CLANG_WARN_DIRECT_OBJC_ISA_USAGE = YES_ERROR;
				CLANG_WARN_DOCUMENTATION_COMMENTS = YES;
				CLANG_WARN_EMPTY_BODY = YES;
				CLANG_WARN_ENUM_CONVERSION = YES;
				CLANG_WARN_INFINITE_RECURSION = YES;
				CLANG_WARN_INT_CONVERSION = YES;
				CLANG_WARN_NON_LITERAL_NULL_CONVERSION = YES;
				CLANG_WARN_OBJC_IMPLICIT_RETAIN_SELF = YES;
				CLANG_WARN_OBJC_LITERAL_CONVERSION = YES;
				CLANG_WARN_OBJC_ROOT_CLASS = YES_ERROR;
				CLANG_WARN_RANGE_LOOP_ANALYSIS = YES;
				CLANG_WARN_STRICT_PROTOTYPES = YES;
				CLANG_WARN_SUSPICIOUS_MOVE = YES;
				CLANG_WARN_UNGUARDED_AVAILABILITY = YES_AGGRESSIVE;
				CLANG_WARN_UNREACHABLE_CODE = YES;
				CLANG_WARN__DUPLICATE_METHOD_MATCH = YES;
				CODE_SIGN_IDENTITY = "iPhone Developer";
				COPY_PHASE_STRIP = NO;
				DEBUG_INFORMATION_FORMAT = dwarf;
				ENABLE_STRICT_OBJC_MSGSEND = YES;
				ENABLE_TESTABILITY = YES;
				GCC_C_LANGUAGE_STANDARD = gnu11;
				GCC_DYNAMIC_NO_PIC = NO;
				GCC_NO_COMMON_BLOCKS = YES;
				GCC_OPTIMIZATION_LEVEL = 0;
				GCC_PREPROCESSOR_DEFINITIONS = (
					"DEBUG=1",
					"$(inherited)",
				);
				GCC_WARN_64_TO_32_BIT_CONVERSION = YES;
				GCC_WARN_ABOUT_RETURN_TYPE = YES_ERROR;
				GCC_WARN_UNDECLARED_SELECTOR = YES;
				GCC_WARN_UNINITIALIZED_AUTOS = YES_AGGRESSIVE;
				GCC_WARN_UNUSED_FUNCTION = YES;
				GCC_WARN_UNUSED_VARIABLE = YES;
				IPHONEOS_DEPLOYMENT_TARGET = 11.4;
				MTL_ENABLE_DEBUG_INFO = INCLUDE_SOURCE;
				MTL_FAST_MATH = YES;
				ONLY_ACTIVE_ARCH = YES;
				SDKROOT = iphoneos;
				SWIFT_ACTIVE_COMPILATION_CONDITIONS = DEBUG;
				SWIFT_OPTIMIZATION_LEVEL = "-Onone";
			};
			name = Debug;
		};
		3AF5582421DD9FC100ABDA2F /* Release */ = {
			isa = XCBuildConfiguration;
			buildSettings = {
				ALWAYS_SEARCH_USER_PATHS = NO;
				CLANG_ANALYZER_NONNULL = YES;
				CLANG_ANALYZER_NUMBER_OBJECT_CONVERSION = YES_AGGRESSIVE;
				CLANG_CXX_LANGUAGE_STANDARD = "gnu++14";
				CLANG_CXX_LIBRARY = "libc++";
				CLANG_ENABLE_MODULES = YES;
				CLANG_ENABLE_OBJC_ARC = YES;
				CLANG_ENABLE_OBJC_WEAK = YES;
				CLANG_WARN_BLOCK_CAPTURE_AUTORELEASING = YES;
				CLANG_WARN_BOOL_CONVERSION = YES;
				CLANG_WARN_COMMA = YES;
				CLANG_WARN_CONSTANT_CONVERSION = YES;
				CLANG_WARN_DEPRECATED_OBJC_IMPLEMENTATIONS = YES;
				CLANG_WARN_DIRECT_OBJC_ISA_USAGE = YES_ERROR;
				CLANG_WARN_DOCUMENTATION_COMMENTS = YES;
				CLANG_WARN_EMPTY_BODY = YES;
				CLANG_WARN_ENUM_CONVERSION = YES;
				CLANG_WARN_INFINITE_RECURSION = YES;
				CLANG_WARN_INT_CONVERSION = YES;
				CLANG_WARN_NON_LITERAL_NULL_CONVERSION = YES;
				CLANG_WARN_OBJC_IMPLICIT_RETAIN_SELF = YES;
				CLANG_WARN_OBJC_LITERAL_CONVERSION = YES;
				CLANG_WARN_OBJC_ROOT_CLASS = YES_ERROR;
				CLANG_WARN_RANGE_LOOP_ANALYSIS = YES;
				CLANG_WARN_STRICT_PROTOTYPES = YES;
				CLANG_WARN_SUSPICIOUS_MOVE = YES;
				CLANG_WARN_UNGUARDED_AVAILABILITY = YES_AGGRESSIVE;
				CLANG_WARN_UNREACHABLE_CODE = YES;
				CLANG_WARN__DUPLICATE_METHOD_MATCH = YES;
				CODE_SIGN_IDENTITY = "iPhone Developer";
				COPY_PHASE_STRIP = NO;
				DEBUG_INFORMATION_FORMAT = "dwarf-with-dsym";
				ENABLE_NS_ASSERTIONS = NO;
				ENABLE_STRICT_OBJC_MSGSEND = YES;
				GCC_C_LANGUAGE_STANDARD = gnu11;
				GCC_NO_COMMON_BLOCKS = YES;
				GCC_WARN_64_TO_32_BIT_CONVERSION = YES;
				GCC_WARN_ABOUT_RETURN_TYPE = YES_ERROR;
				GCC_WARN_UNDECLARED_SELECTOR = YES;
				GCC_WARN_UNINITIALIZED_AUTOS = YES_AGGRESSIVE;
				GCC_WARN_UNUSED_FUNCTION = YES;
				GCC_WARN_UNUSED_VARIABLE = YES;
				IPHONEOS_DEPLOYMENT_TARGET = 11.4;
				MTL_ENABLE_DEBUG_INFO = NO;
				MTL_FAST_MATH = YES;
				SDKROOT = iphoneos;
				SWIFT_COMPILATION_MODE = wholemodule;
				SWIFT_OPTIMIZATION_LEVEL = "-O";
				VALIDATE_PRODUCT = YES;
			};
			name = Release;
		};
		3AF5582621DD9FC100ABDA2F /* Debug */ = {
			isa = XCBuildConfiguration;
			buildSettings = {
				ASSETCATALOG_COMPILER_APPICON_NAME = AppIcon;
				CODE_SIGN_STYLE = Automatic;
				DEVELOPMENT_TEAM = "";
				INFOPLIST_FILE = "SZMentionsSwift-Sample/Info.plist";
				LD_RUNPATH_SEARCH_PATHS = (
					"$(inherited)",
					"@executable_path/Frameworks",
				);
				PRODUCT_BUNDLE_IDENTIFIER = "com.02log.SZMentionsSwift-Sample";
				PRODUCT_NAME = "$(TARGET_NAME)";
				SWIFT_VERSION = 4.2;
				TARGETED_DEVICE_FAMILY = "1,2";
			};
			name = Debug;
		};
		3AF5582721DD9FC100ABDA2F /* Release */ = {
			isa = XCBuildConfiguration;
			buildSettings = {
				ASSETCATALOG_COMPILER_APPICON_NAME = AppIcon;
				CODE_SIGN_STYLE = Automatic;
				DEVELOPMENT_TEAM = "";
				INFOPLIST_FILE = "SZMentionsSwift-Sample/Info.plist";
				LD_RUNPATH_SEARCH_PATHS = (
					"$(inherited)",
					"@executable_path/Frameworks",
				);
				PRODUCT_BUNDLE_IDENTIFIER = "com.02log.SZMentionsSwift-Sample";
				PRODUCT_NAME = "$(TARGET_NAME)";
				SWIFT_VERSION = 4.2;
				TARGETED_DEVICE_FAMILY = "1,2";
			};
			name = Release;
		};
		3AF5582921DD9FC100ABDA2F /* Debug */ = {
			isa = XCBuildConfiguration;
			buildSettings = {
				ALWAYS_EMBED_SWIFT_STANDARD_LIBRARIES = YES;
				BUNDLE_LOADER = "$(TEST_HOST)";
				CODE_SIGN_STYLE = Automatic;
				DEVELOPMENT_TEAM = C6578G8P72;
				INFOPLIST_FILE = "SZMentionsSwift-SampleTests/Info.plist";
				LD_RUNPATH_SEARCH_PATHS = (
					"$(inherited)",
					"@executable_path/Frameworks",
					"@loader_path/Frameworks",
				);
				PRODUCT_BUNDLE_IDENTIFIER = "com.02log.SZMentionsSwift-SampleTests";
				PRODUCT_NAME = "$(TARGET_NAME)";
				SWIFT_VERSION = 4.2;
				TARGETED_DEVICE_FAMILY = "1,2";
				TEST_HOST = "$(BUILT_PRODUCTS_DIR)/SZMentionsSwift-Sample.app/SZMentionsSwift-Sample";
			};
			name = Debug;
		};
		3AF5582A21DD9FC100ABDA2F /* Release */ = {
			isa = XCBuildConfiguration;
			buildSettings = {
				ALWAYS_EMBED_SWIFT_STANDARD_LIBRARIES = YES;
				BUNDLE_LOADER = "$(TEST_HOST)";
				CODE_SIGN_STYLE = Automatic;
				DEVELOPMENT_TEAM = C6578G8P72;
				INFOPLIST_FILE = "SZMentionsSwift-SampleTests/Info.plist";
				LD_RUNPATH_SEARCH_PATHS = (
					"$(inherited)",
					"@executable_path/Frameworks",
					"@loader_path/Frameworks",
				);
				PRODUCT_BUNDLE_IDENTIFIER = "com.02log.SZMentionsSwift-SampleTests";
				PRODUCT_NAME = "$(TARGET_NAME)";
				SWIFT_VERSION = 4.2;
				TARGETED_DEVICE_FAMILY = "1,2";
				TEST_HOST = "$(BUILT_PRODUCTS_DIR)/SZMentionsSwift-Sample.app/SZMentionsSwift-Sample";
			};
			name = Release;
		};
		3AF5582C21DD9FC100ABDA2F /* Debug */ = {
			isa = XCBuildConfiguration;
			buildSettings = {
				ALWAYS_EMBED_SWIFT_STANDARD_LIBRARIES = YES;
				CODE_SIGN_STYLE = Automatic;
				DEVELOPMENT_TEAM = C6578G8P72;
				INFOPLIST_FILE = "SZMentionsSwift-SampleUITests/Info.plist";
				LD_RUNPATH_SEARCH_PATHS = (
					"$(inherited)",
					"@executable_path/Frameworks",
					"@loader_path/Frameworks",
				);
				PRODUCT_BUNDLE_IDENTIFIER = "com.02log.SZMentionsSwift-SampleUITests";
				PRODUCT_NAME = "$(TARGET_NAME)";
				SWIFT_VERSION = 4.2;
				TARGETED_DEVICE_FAMILY = "1,2";
				TEST_TARGET_NAME = "SZMentionsSwift-Sample";
			};
			name = Debug;
		};
		3AF5582D21DD9FC100ABDA2F /* Release */ = {
			isa = XCBuildConfiguration;
			buildSettings = {
				ALWAYS_EMBED_SWIFT_STANDARD_LIBRARIES = YES;
				CODE_SIGN_STYLE = Automatic;
				DEVELOPMENT_TEAM = C6578G8P72;
				INFOPLIST_FILE = "SZMentionsSwift-SampleUITests/Info.plist";
				LD_RUNPATH_SEARCH_PATHS = (
					"$(inherited)",
					"@executable_path/Frameworks",
					"@loader_path/Frameworks",
				);
				PRODUCT_BUNDLE_IDENTIFIER = "com.02log.SZMentionsSwift-SampleUITests";
				PRODUCT_NAME = "$(TARGET_NAME)";
				SWIFT_VERSION = 4.2;
				TARGETED_DEVICE_FAMILY = "1,2";
				TEST_TARGET_NAME = "SZMentionsSwift-Sample";
			};
			name = Release;
		};
/* End XCBuildConfiguration section */

/* Begin XCConfigurationList section */
		3AF557F821DD9FC000ABDA2F /* Build configuration list for PBXProject "SZMentionsSwift-Sample" */ = {
			isa = XCConfigurationList;
			buildConfigurations = (
				3AF5582321DD9FC100ABDA2F /* Debug */,
				3AF5582421DD9FC100ABDA2F /* Release */,
			);
			defaultConfigurationIsVisible = 0;
			defaultConfigurationName = Release;
		};
		3AF5582521DD9FC100ABDA2F /* Build configuration list for PBXNativeTarget "SZMentionsSwift-Sample" */ = {
			isa = XCConfigurationList;
			buildConfigurations = (
				3AF5582621DD9FC100ABDA2F /* Debug */,
				3AF5582721DD9FC100ABDA2F /* Release */,
			);
			defaultConfigurationIsVisible = 0;
			defaultConfigurationName = Release;
		};
		3AF5582821DD9FC100ABDA2F /* Build configuration list for PBXNativeTarget "SZMentionsSwift-SampleTests" */ = {
			isa = XCConfigurationList;
			buildConfigurations = (
				3AF5582921DD9FC100ABDA2F /* Debug */,
				3AF5582A21DD9FC100ABDA2F /* Release */,
			);
			defaultConfigurationIsVisible = 0;
			defaultConfigurationName = Release;
		};
		3AF5582B21DD9FC100ABDA2F /* Build configuration list for PBXNativeTarget "SZMentionsSwift-SampleUITests" */ = {
			isa = XCConfigurationList;
			buildConfigurations = (
				3AF5582C21DD9FC100ABDA2F /* Debug */,
				3AF5582D21DD9FC100ABDA2F /* Release */,
			);
			defaultConfigurationIsVisible = 0;
			defaultConfigurationName = Release;
		};
/* End XCConfigurationList section */
	};
	rootObject = 3AF557F521DD9FC000ABDA2F /* Project object */;
}
